// !$*UTF8*$!
{
	archiveVersion = 1;
	classes = {
	};
	objectVersion = 46;
	objects = {

/* Begin PBXBuildFile section */
		C07D3D1B1BFEE56B00124BC6 /* LXEmojiKeyboardInput.bundle in Resources */ = {isa = PBXBuildFile; fileRef = C07D3D161BFEE56B00124BC6 /* LXEmojiKeyboardInput.bundle */; };
		C07D3D1C1BFEE56B00124BC6 /* LXEmojiKeyboardView.m in Sources */ = {isa = PBXBuildFile; fileRef = C07D3D181BFEE56B00124BC6 /* LXEmojiKeyboardView.m */; };
		C07D3D1D1BFEE56B00124BC6 /* LXGrowingInputView.m in Sources */ = {isa = PBXBuildFile; fileRef = C07D3D1A1BFEE56B00124BC6 /* LXGrowingInputView.m */; };
		C082C8F31BFC5DE600C199C9 /* main.m in Sources */ = {isa = PBXBuildFile; fileRef = C082C8F21BFC5DE600C199C9 /* main.m */; };
		C082C8F61BFC5DE600C199C9 /* AppDelegate.m in Sources */ = {isa = PBXBuildFile; fileRef = C082C8F51BFC5DE600C199C9 /* AppDelegate.m */; };
		C082C8F91BFC5DE600C199C9 /* ViewController.m in Sources */ = {isa = PBXBuildFile; fileRef = C082C8F81BFC5DE600C199C9 /* ViewController.m */; };
		C082C8FC1BFC5DE600C199C9 /* Main.storyboard in Resources */ = {isa = PBXBuildFile; fileRef = C082C8FA1BFC5DE600C199C9 /* Main.storyboard */; };
		C082C8FE1BFC5DE600C199C9 /* Assets.xcassets in Resources */ = {isa = PBXBuildFile; fileRef = C082C8FD1BFC5DE600C199C9 /* Assets.xcassets */; };
		C082C9011BFC5DE600C199C9 /* LaunchScreen.storyboard in Resources */ = {isa = PBXBuildFile; fileRef = C082C8FF1BFC5DE600C199C9 /* LaunchScreen.storyboard */; };
		C0B2E316392B4E12F82B2D52 /* libPods-LXEmojiKeyboard.a in Frameworks */ = {isa = PBXBuildFile; fileRef = 3FD12C89C4E1CD5413A39D8A /* libPods-LXEmojiKeyboard.a */; };
/* End PBXBuildFile section */

/* Begin PBXFileReference section */
		16E7EA252387DFC583088541 /* Pods-LXEmojiKeyboard.release.xcconfig */ = {isa = PBXFileReference; includeInIndex = 1; lastKnownFileType = text.xcconfig; name = "Pods-LXEmojiKeyboard.release.xcconfig"; path = "Pods/Target Support Files/Pods-LXEmojiKeyboard/Pods-LXEmojiKeyboard.release.xcconfig"; sourceTree = "<group>"; };
		190BC587961CEC83DAA483FC /* Pods-LXEmojiKeyboard.debug.xcconfig */ = {isa = PBXFileReference; includeInIndex = 1; lastKnownFileType = text.xcconfig; name = "Pods-LXEmojiKeyboard.debug.xcconfig"; path = "Pods/Target Support Files/Pods-LXEmojiKeyboard/Pods-LXEmojiKeyboard.debug.xcconfig"; sourceTree = "<group>"; };
		3FD12C89C4E1CD5413A39D8A /* libPods-LXEmojiKeyboard.a */ = {isa = PBXFileReference; explicitFileType = archive.ar; includeInIndex = 0; path = "libPods-LXEmojiKeyboard.a"; sourceTree = BUILT_PRODUCTS_DIR; };
		C07D3D161BFEE56B00124BC6 /* LXEmojiKeyboardInput.bundle */ = {isa = PBXFileReference; lastKnownFileType = "wrapper.plug-in"; path = LXEmojiKeyboardInput.bundle; sourceTree = "<group>"; };
		C07D3D171BFEE56B00124BC6 /* LXEmojiKeyboardView.h */ = {isa = PBXFileReference; fileEncoding = 4; lastKnownFileType = sourcecode.c.h; path = LXEmojiKeyboardView.h; sourceTree = "<group>"; };
		C07D3D181BFEE56B00124BC6 /* LXEmojiKeyboardView.m */ = {isa = PBXFileReference; fileEncoding = 4; lastKnownFileType = sourcecode.c.objc; path = LXEmojiKeyboardView.m; sourceTree = "<group>"; };
		C07D3D191BFEE56B00124BC6 /* LXGrowingInputView.h */ = {isa = PBXFileReference; fileEncoding = 4; lastKnownFileType = sourcecode.c.h; path = LXGrowingInputView.h; sourceTree = "<group>"; };
		C07D3D1A1BFEE56B00124BC6 /* LXGrowingInputView.m */ = {isa = PBXFileReference; fileEncoding = 4; lastKnownFileType = sourcecode.c.objc; path = LXGrowingInputView.m; sourceTree = "<group>"; };
		C082C8EE1BFC5DE600C199C9 /* LXEmojiKeyboard.app */ = {isa = PBXFileReference; explicitFileType = wrapper.application; includeInIndex = 0; path = LXEmojiKeyboard.app; sourceTree = BUILT_PRODUCTS_DIR; };
		C082C8F21BFC5DE600C199C9 /* main.m */ = {isa = PBXFileReference; lastKnownFileType = sourcecode.c.objc; path = main.m; sourceTree = "<group>"; };
		C082C8F41BFC5DE600C199C9 /* AppDelegate.h */ = {isa = PBXFileReference; lastKnownFileType = sourcecode.c.h; path = AppDelegate.h; sourceTree = "<group>"; };
		C082C8F51BFC5DE600C199C9 /* AppDelegate.m */ = {isa = PBXFileReference; lastKnownFileType = sourcecode.c.objc; path = AppDelegate.m; sourceTree = "<group>"; };
		C082C8F71BFC5DE600C199C9 /* ViewController.h */ = {isa = PBXFileReference; lastKnownFileType = sourcecode.c.h; path = ViewController.h; sourceTree = "<group>"; };
		C082C8F81BFC5DE600C199C9 /* ViewController.m */ = {isa = PBXFileReference; lastKnownFileType = sourcecode.c.objc; path = ViewController.m; sourceTree = "<group>"; };
		C082C8FB1BFC5DE600C199C9 /* Base */ = {isa = PBXFileReference; lastKnownFileType = file.storyboard; name = Base; path = Base.lproj/Main.storyboard; sourceTree = "<group>"; };
		C082C8FD1BFC5DE600C199C9 /* Assets.xcassets */ = {isa = PBXFileReference; lastKnownFileType = folder.assetcatalog; path = Assets.xcassets; sourceTree = "<group>"; };
		C082C9001BFC5DE600C199C9 /* Base */ = {isa = PBXFileReference; lastKnownFileType = file.storyboard; name = Base; path = Base.lproj/LaunchScreen.storyboard; sourceTree = "<group>"; };
		C082C9021BFC5DE600C199C9 /* Info.plist */ = {isa = PBXFileReference; lastKnownFileType = text.plist.xml; path = Info.plist; sourceTree = "<group>"; };
/* End PBXFileReference section */

/* Begin PBXFrameworksBuildPhase section */
		C082C8EB1BFC5DE600C199C9 /* Frameworks */ = {
			isa = PBXFrameworksBuildPhase;
			buildActionMask = 2147483647;
			files = (
				C0B2E316392B4E12F82B2D52 /* libPods-LXEmojiKeyboard.a in Frameworks */,
			);
			runOnlyForDeploymentPostprocessing = 0;
		};
/* End PBXFrameworksBuildPhase section */

/* Begin PBXGroup section */
		1E30A76724C52A6B4692D3A0 /* Pods */ = {
			isa = PBXGroup;
			children = (
				190BC587961CEC83DAA483FC /* Pods-LXEmojiKeyboard.debug.xcconfig */,
				16E7EA252387DFC583088541 /* Pods-LXEmojiKeyboard.release.xcconfig */,
			);
			name = Pods;
			sourceTree = "<group>";
		};
		AB83866E0321C793911DE064 /* Frameworks */ = {
			isa = PBXGroup;
			children = (
				3FD12C89C4E1CD5413A39D8A /* libPods-LXEmojiKeyboard.a */,
			);
			name = Frameworks;
			sourceTree = "<group>";
		};
		C07D3D151BFEE56B00124BC6 /* LXEmojiKeyboardInput */ = {
			isa = PBXGroup;
			children = (
				C07D3D161BFEE56B00124BC6 /* LXEmojiKeyboardInput.bundle */,
				C07D3D171BFEE56B00124BC6 /* LXEmojiKeyboardView.h */,
				C07D3D181BFEE56B00124BC6 /* LXEmojiKeyboardView.m */,
				C07D3D191BFEE56B00124BC6 /* LXGrowingInputView.h */,
				C07D3D1A1BFEE56B00124BC6 /* LXGrowingInputView.m */,
			);
			name = LXEmojiKeyboardInput;
			path = ../../LXEmojiKeyboardInput;
			sourceTree = "<group>";
		};
		C082C8E51BFC5DE600C199C9 = {
			isa = PBXGroup;
			children = (
				C082C8F01BFC5DE600C199C9 /* LXEmojiKeyboard */,
				C082C8EF1BFC5DE600C199C9 /* Products */,
				1E30A76724C52A6B4692D3A0 /* Pods */,
				AB83866E0321C793911DE064 /* Frameworks */,
			);
			sourceTree = "<group>";
		};
		C082C8EF1BFC5DE600C199C9 /* Products */ = {
			isa = PBXGroup;
			children = (
				C082C8EE1BFC5DE600C199C9 /* LXEmojiKeyboard.app */,
			);
			name = Products;
			sourceTree = "<group>";
		};
		C082C8F01BFC5DE600C199C9 /* LXEmojiKeyboard */ = {
			isa = PBXGroup;
			children = (
				C07D3D151BFEE56B00124BC6 /* LXEmojiKeyboardInput */,
				C082C8F41BFC5DE600C199C9 /* AppDelegate.h */,
				C082C8F51BFC5DE600C199C9 /* AppDelegate.m */,
				C082C8F71BFC5DE600C199C9 /* ViewController.h */,
				C082C8F81BFC5DE600C199C9 /* ViewController.m */,
				C082C8FA1BFC5DE600C199C9 /* Main.storyboard */,
				C082C8FD1BFC5DE600C199C9 /* Assets.xcassets */,
				C082C8FF1BFC5DE600C199C9 /* LaunchScreen.storyboard */,
				C082C9021BFC5DE600C199C9 /* Info.plist */,
				C082C8F11BFC5DE600C199C9 /* Supporting Files */,
			);
			path = LXEmojiKeyboard;
			sourceTree = "<group>";
		};
		C082C8F11BFC5DE600C199C9 /* Supporting Files */ = {
			isa = PBXGroup;
			children = (
				C082C8F21BFC5DE600C199C9 /* main.m */,
			);
			name = "Supporting Files";
			sourceTree = "<group>";
		};
/* End PBXGroup section */

/* Begin PBXNativeTarget section */
		C082C8ED1BFC5DE600C199C9 /* LXEmojiKeyboard */ = {
			isa = PBXNativeTarget;
			buildConfigurationList = C082C9051BFC5DE600C199C9 /* Build configuration list for PBXNativeTarget "LXEmojiKeyboard" */;
			buildPhases = (
				4FCA3C90C49593BE5AE9BC98 /* Check Pods Manifest.lock */,
				C082C8EA1BFC5DE600C199C9 /* Sources */,
				C082C8EB1BFC5DE600C199C9 /* Frameworks */,
				C082C8EC1BFC5DE600C199C9 /* Resources */,
				DC7791E50FE2DC0791890119 /* Embed Pods Frameworks */,
				ACF3F33A34023283FF700F93 /* Copy Pods Resources */,
			);
			buildRules = (
			);
			dependencies = (
			);
			name = LXEmojiKeyboard;
			productName = LXEmojiKeyboard;
			productReference = C082C8EE1BFC5DE600C199C9 /* LXEmojiKeyboard.app */;
			productType = "com.apple.product-type.application";
		};
/* End PBXNativeTarget section */

/* Begin PBXProject section */
		C082C8E61BFC5DE600C199C9 /* Project object */ = {
			isa = PBXProject;
			attributes = {
				LastUpgradeCheck = 0710;
				ORGANIZATIONNAME = "xx-li";
				TargetAttributes = {
					C082C8ED1BFC5DE600C199C9 = {
						CreatedOnToolsVersion = 7.1;
					};
				};
			};
			buildConfigurationList = C082C8E91BFC5DE600C199C9 /* Build configuration list for PBXProject "LXEmojiKeyboard" */;
			compatibilityVersion = "Xcode 3.2";
			developmentRegion = English;
			hasScannedForEncodings = 0;
			knownRegions = (
				en,
				Base,
			);
			mainGroup = C082C8E51BFC5DE600C199C9;
			productRefGroup = C082C8EF1BFC5DE600C199C9 /* Products */;
			projectDirPath = "";
			projectRoot = "";
			targets = (
				C082C8ED1BFC5DE600C199C9 /* LXEmojiKeyboard */,
			);
		};
/* End PBXProject section */

/* Begin PBXResourcesBuildPhase section */
		C082C8EC1BFC5DE600C199C9 /* Resources */ = {
			isa = PBXResourcesBuildPhase;
			buildActionMask = 2147483647;
			files = (
				C07D3D1B1BFEE56B00124BC6 /* LXEmojiKeyboardInput.bundle in Resources */,
				C082C9011BFC5DE600C199C9 /* LaunchScreen.storyboard in Resources */,
				C082C8FE1BFC5DE600C199C9 /* Assets.xcassets in Resources */,
				C082C8FC1BFC5DE600C199C9 /* Main.storyboard in Resources */,
			);
			runOnlyForDeploymentPostprocessing = 0;
		};
/* End PBXResourcesBuildPhase section */

/* Begin PBXShellScriptBuildPhase section */
		4FCA3C90C49593BE5AE9BC98 /* Check Pods Manifest.lock */ = {
			isa = PBXShellScriptBuildPhase;
			buildActionMask = 2147483647;
			files = (
			);
			inputPaths = (
			);
			name = "Check Pods Manifest.lock";
			outputPaths = (
			);
			runOnlyForDeploymentPostprocessing = 0;
			shellPath = /bin/sh;
			shellScript = "diff \"${PODS_ROOT}/../Podfile.lock\" \"${PODS_ROOT}/Manifest.lock\" > /dev/null\nif [[ $? != 0 ]] ; then\n    cat << EOM\nerror: The sandbox is not in sync with the Podfile.lock. Run 'pod install' or update your CocoaPods installation.\nEOM\n    exit 1\nfi\n";
			showEnvVarsInLog = 0;
		};
		ACF3F33A34023283FF700F93 /* Copy Pods Resources */ = {
			isa = PBXShellScriptBuildPhase;
			buildActionMask = 2147483647;
			files = (
			);
			inputPaths = (
			);
			name = "Copy Pods Resources";
			outputPaths = (
			);
			runOnlyForDeploymentPostprocessing = 0;
			shellPath = /bin/sh;
			shellScript = "\"${SRCROOT}/Pods/Target Support Files/Pods-LXEmojiKeyboard/Pods-LXEmojiKeyboard-resources.sh\"\n";
			showEnvVarsInLog = 0;
		};
		DC7791E50FE2DC0791890119 /* Embed Pods Frameworks */ = {
			isa = PBXShellScriptBuildPhase;
			buildActionMask = 2147483647;
			files = (
			);
			inputPaths = (
			);
			name = "Embed Pods Frameworks";
			outputPaths = (
			);
			runOnlyForDeploymentPostprocessing = 0;
			shellPath = /bin/sh;
			shellScript = "\"${SRCROOT}/Pods/Target Support Files/Pods-LXEmojiKeyboard/Pods-LXEmojiKeyboard-frameworks.sh\"\n";
			showEnvVarsInLog = 0;
		};
/* End PBXShellScriptBuildPhase section */

/* Begin PBXSourcesBuildPhase section */
		C082C8EA1BFC5DE600C199C9 /* Sources */ = {
			isa = PBXSourcesBuildPhase;
			buildActionMask = 2147483647;
			files = (
				C07D3D1C1BFEE56B00124BC6 /* LXEmojiKeyboardView.m in Sources */,
				C07D3D1D1BFEE56B00124BC6 /* LXGrowingInputView.m in Sources */,
				C082C8F91BFC5DE600C199C9 /* ViewController.m in Sources */,
				C082C8F61BFC5DE600C199C9 /* AppDelegate.m in Sources */,
				C082C8F31BFC5DE600C199C9 /* main.m in Sources */,
			);
			runOnlyForDeploymentPostprocessing = 0;
		};
/* End PBXSourcesBuildPhase section */

/* Begin PBXVariantGroup section */
		C082C8FA1BFC5DE600C199C9 /* Main.storyboard */ = {
			isa = PBXVariantGroup;
			children = (
				C082C8FB1BFC5DE600C199C9 /* Base */,
			);
			name = Main.storyboard;
			sourceTree = "<group>";
		};
		C082C8FF1BFC5DE600C199C9 /* LaunchScreen.storyboard */ = {
			isa = PBXVariantGroup;
			children = (
				C082C9001BFC5DE600C199C9 /* Base */,
			);
			name = LaunchScreen.storyboard;
			sourceTree = "<group>";
		};
/* End PBXVariantGroup section */

/* Begin XCBuildConfiguration section */
		C082C9031BFC5DE600C199C9 /* Debug */ = {
			isa = XCBuildConfiguration;
			buildSettings = {
				ALWAYS_SEARCH_USER_PATHS = NO;
				CLANG_CXX_LANGUAGE_STANDARD = "gnu++0x";
				CLANG_CXX_LIBRARY = "libc++";
				CLANG_ENABLE_MODULES = YES;
				CLANG_ENABLE_OBJC_ARC = YES;
				CLANG_WARN_BOOL_CONVERSION = YES;
				CLANG_WARN_CONSTANT_CONVERSION = YES;
				CLANG_WARN_DIRECT_OBJC_ISA_USAGE = YES_ERROR;
				CLANG_WARN_EMPTY_BODY = YES;
				CLANG_WARN_ENUM_CONVERSION = YES;
				CLANG_WARN_INT_CONVERSION = YES;
				CLANG_WARN_OBJC_ROOT_CLASS = YES_ERROR;
				CLANG_WARN_UNREACHABLE_CODE = YES;
				CLANG_WARN__DUPLICATE_METHOD_MATCH = YES;
				"CODE_SIGN_IDENTITY[sdk=iphoneos*]" = "iPhone Developer";
				COPY_PHASE_STRIP = NO;
				DEBUG_INFORMATION_FORMAT = dwarf;
				ENABLE_STRICT_OBJC_MSGSEND = YES;
				ENABLE_TESTABILITY = YES;
				GCC_C_LANGUAGE_STANDARD = gnu99;
				GCC_DYNAMIC_NO_PIC = NO;
				GCC_NO_COMMON_BLOCKS = YES;
				GCC_OPTIMIZATION_LEVEL = 0;
				GCC_PREPROCESSOR_DEFINITIONS = (
					"DEBUG=1",
					"$(inherited)",
				);
				GCC_WARN_64_TO_32_BIT_CONVERSION = YES;
				GCC_WARN_ABOUT_RETURN_TYPE = YES_ERROR;
				GCC_WARN_UNDECLARED_SELECTOR = YES;
				GCC_WARN_UNINITIALIZED_AUTOS = YES_AGGRESSIVE;
				GCC_WARN_UNUSED_FUNCTION = YES;
				GCC_WARN_UNUSED_VARIABLE = YES;
				IPHONEOS_DEPLOYMENT_TARGET = 9.1;
				MTL_ENABLE_DEBUG_INFO = YES;
				ONLY_ACTIVE_ARCH = YES;
				SDKROOT = iphoneos;
				TARGETED_DEVICE_FAMILY = "1,2";
			};
			name = Debug;
		};
		C082C9041BFC5DE600C199C9 /* Release */ = {
			isa = XCBuildConfiguration;
			buildSettings = {
				ALWAYS_SEARCH_USER_PATHS = NO;
				CLANG_CXX_LANGUAGE_STANDARD = "gnu++0x";
				CLANG_CXX_LIBRARY = "libc++";
				CLANG_ENABLE_MODULES = YES;
				CLANG_ENABLE_OBJC_ARC = YES;
				CLANG_WARN_BOOL_CONVERSION = YES;
				CLANG_WARN_CONSTANT_CONVERSION = YES;
				CLANG_WARN_DIRECT_OBJC_ISA_USAGE = YES_ERROR;
				CLANG_WARN_EMPTY_BODY = YES;
				CLANG_WARN_ENUM_CONVERSION = YES;
				CLANG_WARN_INT_CONVERSION = YES;
				CLANG_WARN_OBJC_ROOT_CLASS = YES_ERROR;
				CLANG_WARN_UNREACHABLE_CODE = YES;
				CLANG_WARN__DUPLICATE_METHOD_MATCH = YES;
				"CODE_SIGN_IDENTITY[sdk=iphoneos*]" = "iPhone Developer";
				COPY_PHASE_STRIP = NO;
				DEBUG_INFORMATION_FORMAT = "dwarf-with-dsym";
				ENABLE_NS_ASSERTIONS = NO;
				ENABLE_STRICT_OBJC_MSGSEND = YES;
				GCC_C_LANGUAGE_STANDARD = gnu99;
				GCC_NO_COMMON_BLOCKS = YES;
				GCC_WARN_64_TO_32_BIT_CONVERSION = YES;
				GCC_WARN_ABOUT_RETURN_TYPE = YES_ERROR;
				GCC_WARN_UNDECLARED_SELECTOR = YES;
				GCC_WARN_UNINITIALIZED_AUTOS = YES_AGGRESSIVE;
				GCC_WARN_UNUSED_FUNCTION = YES;
				GCC_WARN_UNUSED_VARIABLE = YES;
				IPHONEOS_DEPLOYMENT_TARGET = 9.1;
				MTL_ENABLE_DEBUG_INFO = NO;
				SDKROOT = iphoneos;
				TARGETED_DEVICE_FAMILY = "1,2";
				VALIDATE_PRODUCT = YES;
			};
			name = Release;
		};
		C082C9061BFC5DE600C199C9 /* Debug */ = {
			isa = XCBuildConfiguration;
			baseConfigurationReference = 190BC587961CEC83DAA483FC /* Pods-LXEmojiKeyboard.debug.xcconfig */;
			buildSettings = {
				ASSETCATALOG_COMPILER_APPICON_NAME = AppIcon;
				INFOPLIST_FILE = LXEmojiKeyboard/Info.plist;
				IPHONEOS_DEPLOYMENT_TARGET = 6.0;
				LD_RUNPATH_SEARCH_PATHS = "$(inherited) @executable_path/Frameworks";
				PRODUCT_BUNDLE_IDENTIFIER = com.lixinxing.LXEmojiKeyboard;
				PRODUCT_NAME = "$(TARGET_NAME)";
			};
			name = Debug;
		};
		C082C9071BFC5DE600C199C9 /* Release */ = {
			isa = XCBuildConfiguration;
			baseConfigurationReference = 16E7EA252387DFC583088541 /* Pods-LXEmojiKeyboard.release.xcconfig */;
			buildSettings = {
				ASSETCATALOG_COMPILER_APPICON_NAME = AppIcon;
				INFOPLIST_FILE = LXEmojiKeyboard/Info.plist;
				IPHONEOS_DEPLOYMENT_TARGET = 6.0;
				LD_RUNPATH_SEARCH_PATHS = "$(inherited) @executable_path/Frameworks";
				PRODUCT_BUNDLE_IDENTIFIER = com.lixinxing.LXEmojiKeyboard;
				PRODUCT_NAME = "$(TARGET_NAME)";
			};
			name = Release;
		};
/* End XCBuildConfiguration section */

/* Begin XCConfigurationList section */
		C082C8E91BFC5DE600C199C9 /* Build configuration list for PBXProject "LXEmojiKeyboard" */ = {
			isa = XCConfigurationList;
			buildConfigurations = (
				C082C9031BFC5DE600C199C9 /* Debug */,
				C082C9041BFC5DE600C199C9 /* Release */,
			);
			defaultConfigurationIsVisible = 0;
			defaultConfigurationName = Release;
		};
		C082C9051BFC5DE600C199C9 /* Build configuration list for PBXNativeTarget "LXEmojiKeyboard" */ = {
			isa = XCConfigurationList;
			buildConfigurations = (
				C082C9061BFC5DE600C199C9 /* Debug */,
				C082C9071BFC5DE600C199C9 /* Release */,
			);
			defaultConfigurationIsVisible = 0;
			defaultConfigurationName = Release;
		};
/* End XCConfigurationList section */
	};
	rootObject = C082C8E61BFC5DE600C199C9 /* Project object */;
}
